
Microsoft Visual Studio Solution File, Format Version 12.00
# Visual Studio Version 17
VisualStudioVersion = 17.8.34408.163
MinimumVisualStudioVersion = 10.0.40219.1
Project("{FAE04EC0-301F-11D3-BF4B-00C04F79EFBC}") = "UnitOfWorkDemo.Web", "UnitOfWorkDemo.Web\UnitOfWorkDemo.Web.csproj", "{E7BAD4A4-4C83-41C7-B20B-3C947584BE2D}"
EndProject
Global
	GlobalSection(SolutionConfigurationPlatforms) = preSolution
		Debug|Any CPU = Debug|Any CPU
		Release|Any CPU = Release|Any CPU
	EndGlobalSection
	GlobalSection(ProjectConfigurationPlatforms) = postSolution
		{E7BAD4A4-4C83-41C7-B20B-3C947584BE2D}.Debug|Any CPU.ActiveCfg = Debug|Any CPU
		{E7BAD4A4-4C83-41C7-B20B-3C947584BE2D}.Debug|Any CPU.Build.0 = Debug|Any CPU
		{E7BAD4A4-4C83-41C7-B20B-3C947584BE2D}.Release|Any CPU.ActiveCfg = Release|Any CPU
		{E7BAD4A4-4C83-41C7-B20B-3C947584BE2D}.Release|Any CPU.Build.0 = Release|Any CPU
	EndGlobalSection
	GlobalSection(SolutionProperties) = preSolution
		HideSolutionNode = FALSE
	EndGlobalSection
	GlobalSection(ExtensibilityGlobals) = postSolution
		SolutionGuid = {E986B773-300C-46AB-A9B3-FA1C3317C731}
	EndGlobalSection
EndGlobal
